// !$*UTF8*$!
{
	archiveVersion = 1;
	classes = {
	};
	objectVersion = 56;
	objects = {

/* Begin PBXBuildFile section */
		9785C3182A977E550029822A /* WelcomeRouter.swift in Sources */ = {isa = PBXBuildFile; fileRef = 9785C3172A977E370029822A /* WelcomeRouter.swift */; };
		9785C31C2A9796480029822A /* RegistrationViewModel.swift in Sources */ = {isa = PBXBuildFile; fileRef = 9785C31B2A9796480029822A /* RegistrationViewModel.swift */; };
		9785C31D2A97C0880029822A /* RegistrationView.swift in Sources */ = {isa = PBXBuildFile; fileRef = 9785C3192A97959E0029822A /* RegistrationView.swift */; };
		9785C31F2A97C2DB0029822A /* Fonts.swift in Sources */ = {isa = PBXBuildFile; fileRef = 9785C31E2A97C2DB0029822A /* Fonts.swift */; };
		9785C3232A98B0A30029822A /* Gardenia_IOSApp.swift in Sources */ = {isa = PBXBuildFile; fileRef = 9785C3222A98B0A30029822A /* Gardenia_IOSApp.swift */; };
		9785C32F2A98B3130029822A /* Inter-Light.ttf in Resources */ = {isa = PBXBuildFile; fileRef = 9785C3262A98B3130029822A /* Inter-Light.ttf */; };
		9785C3302A98B3130029822A /* Inter-Thin.ttf in Resources */ = {isa = PBXBuildFile; fileRef = 9785C3272A98B3130029822A /* Inter-Thin.ttf */; };
		9785C3312A98B3130029822A /* Inter-Bold.ttf in Resources */ = {isa = PBXBuildFile; fileRef = 9785C3282A98B3130029822A /* Inter-Bold.ttf */; };
		9785C3322A98B3130029822A /* Inter-Regular.ttf in Resources */ = {isa = PBXBuildFile; fileRef = 9785C3292A98B3130029822A /* Inter-Regular.ttf */; };
		9785C3332A98B3130029822A /* Inter-ExtraBold.ttf in Resources */ = {isa = PBXBuildFile; fileRef = 9785C32A2A98B3130029822A /* Inter-ExtraBold.ttf */; };
		9785C3342A98B3130029822A /* Inter-ExtraLight.ttf in Resources */ = {isa = PBXBuildFile; fileRef = 9785C32B2A98B3130029822A /* Inter-ExtraLight.ttf */; };
		9785C3352A98B3130029822A /* Inter-Black.ttf in Resources */ = {isa = PBXBuildFile; fileRef = 9785C32C2A98B3130029822A /* Inter-Black.ttf */; };
		9785C3362A98B3130029822A /* Inter-SemiBold.ttf in Resources */ = {isa = PBXBuildFile; fileRef = 9785C32D2A98B3130029822A /* Inter-SemiBold.ttf */; };
		9785C3372A98B33B0029822A /* Inter-Medium.ttf in Resources */ = {isa = PBXBuildFile; fileRef = 9785C3252A98B3130029822A /* Inter-Medium.ttf */; };
		9785C3392A98B3ED0029822A /* Gardenia-IOS-Info.plist in Resources */ = {isa = PBXBuildFile; fileRef = 9785C3382A98B3ED0029822A /* Gardenia-IOS-Info.plist */; };
		979480832A960E9E00E105ED /* WelcomeView.swift in Sources */ = {isa = PBXBuildFile; fileRef = 979480822A960E9E00E105ED /* WelcomeView.swift */; };
		979480852A96144000E105ED /* WelcomeViewModel.swift in Sources */ = {isa = PBXBuildFile; fileRef = 979480842A96144000E105ED /* WelcomeViewModel.swift */; };
		C6A27E8A2A7BA3CE003855E3 /* Assets.xcassets in Resources */ = {isa = PBXBuildFile; fileRef = C6A27E892A7BA3CE003855E3 /* Assets.xcassets */; };
		C6A27E8D2A7BA3CE003855E3 /* Preview Assets.xcassets in Resources */ = {isa = PBXBuildFile; fileRef = C6A27E8C2A7BA3CE003855E3 /* Preview Assets.xcassets */; };
/* End PBXBuildFile section */

/* Begin PBXFileReference section */
		9785C3172A977E370029822A /* WelcomeRouter.swift */ = {isa = PBXFileReference; lastKnownFileType = sourcecode.swift; path = WelcomeRouter.swift; sourceTree = "<group>"; };
		9785C3192A97959E0029822A /* RegistrationView.swift */ = {isa = PBXFileReference; lastKnownFileType = sourcecode.swift; path = RegistrationView.swift; sourceTree = "<group>"; };
		9785C31B2A9796480029822A /* RegistrationViewModel.swift */ = {isa = PBXFileReference; lastKnownFileType = sourcecode.swift; path = RegistrationViewModel.swift; sourceTree = "<group>"; };
		9785C31E2A97C2DB0029822A /* Fonts.swift */ = {isa = PBXFileReference; lastKnownFileType = sourcecode.swift; path = Fonts.swift; sourceTree = "<group>"; };
		9785C3222A98B0A30029822A /* Gardenia_IOSApp.swift */ = {isa = PBXFileReference; fileEncoding = 4; lastKnownFileType = sourcecode.swift; path = Gardenia_IOSApp.swift; sourceTree = "<group>"; };
		9785C3252A98B3130029822A /* Inter-Medium.ttf */ = {isa = PBXFileReference; lastKnownFileType = file; path = "Inter-Medium.ttf"; sourceTree = "<group>"; };
		9785C3262A98B3130029822A /* Inter-Light.ttf */ = {isa = PBXFileReference; lastKnownFileType = file; path = "Inter-Light.ttf"; sourceTree = "<group>"; };
		9785C3272A98B3130029822A /* Inter-Thin.ttf */ = {isa = PBXFileReference; lastKnownFileType = file; path = "Inter-Thin.ttf"; sourceTree = "<group>"; };
		9785C3282A98B3130029822A /* Inter-Bold.ttf */ = {isa = PBXFileReference; lastKnownFileType = file; path = "Inter-Bold.ttf"; sourceTree = "<group>"; };
		9785C3292A98B3130029822A /* Inter-Regular.ttf */ = {isa = PBXFileReference; lastKnownFileType = file; path = "Inter-Regular.ttf"; sourceTree = "<group>"; };
		9785C32A2A98B3130029822A /* Inter-ExtraBold.ttf */ = {isa = PBXFileReference; lastKnownFileType = file; path = "Inter-ExtraBold.ttf"; sourceTree = "<group>"; };
		9785C32B2A98B3130029822A /* Inter-ExtraLight.ttf */ = {isa = PBXFileReference; lastKnownFileType = file; path = "Inter-ExtraLight.ttf"; sourceTree = "<group>"; };
		9785C32C2A98B3130029822A /* Inter-Black.ttf */ = {isa = PBXFileReference; lastKnownFileType = file; path = "Inter-Black.ttf"; sourceTree = "<group>"; };
		9785C32D2A98B3130029822A /* Inter-SemiBold.ttf */ = {isa = PBXFileReference; lastKnownFileType = file; path = "Inter-SemiBold.ttf"; sourceTree = "<group>"; };
		9785C3382A98B3ED0029822A /* Gardenia-IOS-Info.plist */ = {isa = PBXFileReference; fileEncoding = 4; lastKnownFileType = text.plist.xml; path = "Gardenia-IOS-Info.plist"; sourceTree = "<group>"; };
		979480822A960E9E00E105ED /* WelcomeView.swift */ = {isa = PBXFileReference; lastKnownFileType = sourcecode.swift; path = WelcomeView.swift; sourceTree = "<group>"; };
		979480842A96144000E105ED /* WelcomeViewModel.swift */ = {isa = PBXFileReference; lastKnownFileType = sourcecode.swift; path = WelcomeViewModel.swift; sourceTree = "<group>"; };
		C6A27E822A7BA3CD003855E3 /* Gardenia_IOS.app */ = {isa = PBXFileReference; explicitFileType = wrapper.application; includeInIndex = 0; path = Gardenia_IOS.app; sourceTree = BUILT_PRODUCTS_DIR; };
		C6A27E892A7BA3CE003855E3 /* Assets.xcassets */ = {isa = PBXFileReference; lastKnownFileType = folder.assetcatalog; path = Assets.xcassets; sourceTree = "<group>"; };
		C6A27E8C2A7BA3CE003855E3 /* Preview Assets.xcassets */ = {isa = PBXFileReference; lastKnownFileType = folder.assetcatalog; path = "Preview Assets.xcassets"; sourceTree = "<group>"; };
/* End PBXFileReference section */

/* Begin PBXFrameworksBuildPhase section */
		C6A27E7F2A7BA3CD003855E3 /* Frameworks */ = {
			isa = PBXFrameworksBuildPhase;
			buildActionMask = 2147483647;
			files = (
			);
			runOnlyForDeploymentPostprocessing = 0;
		};
/* End PBXFrameworksBuildPhase section */

/* Begin PBXGroup section */
		9785C31A2A9795DE0029822A /* Registration */ = {
			isa = PBXGroup;
			children = (
				9785C3192A97959E0029822A /* RegistrationView.swift */,
				9785C31B2A9796480029822A /* RegistrationViewModel.swift */,
			);
			path = Registration;
			sourceTree = "<group>";
		};
		9785C3202A97C2E80029822A /* DesignSystem */ = {
			isa = PBXGroup;
			children = (
				9785C3212A98AFF60029822A /* Fonts */,
				9785C31E2A97C2DB0029822A /* Fonts.swift */,
			);
			path = DesignSystem;
			sourceTree = "<group>";
		};
		9785C3212A98AFF60029822A /* Fonts */ = {
			isa = PBXGroup;
			children = (
				9785C3242A98B3130029822A /* InterFont */,
			);
			path = Fonts;
			sourceTree = "<group>";
		};
		9785C3242A98B3130029822A /* InterFont */ = {
			isa = PBXGroup;
			children = (
				9785C3252A98B3130029822A /* Inter-Medium.ttf */,
				9785C3262A98B3130029822A /* Inter-Light.ttf */,
				9785C3272A98B3130029822A /* Inter-Thin.ttf */,
				9785C3282A98B3130029822A /* Inter-Bold.ttf */,
				9785C3292A98B3130029822A /* Inter-Regular.ttf */,
				9785C32A2A98B3130029822A /* Inter-ExtraBold.ttf */,
				9785C32B2A98B3130029822A /* Inter-ExtraLight.ttf */,
				9785C32C2A98B3130029822A /* Inter-Black.ttf */,
				9785C32D2A98B3130029822A /* Inter-SemiBold.ttf */,
			);
			path = InterFont;
			sourceTree = "<group>";
		};
		979480812A960E8300E105ED /* Welcome */ = {
			isa = PBXGroup;
			children = (
				9785C3172A977E370029822A /* WelcomeRouter.swift */,
				979480822A960E9E00E105ED /* WelcomeView.swift */,
				979480842A96144000E105ED /* WelcomeViewModel.swift */,
			);
			path = Welcome;
			sourceTree = "<group>";
		};
		979480992A96182100E105ED /* Utilities */ = {
			isa = PBXGroup;
			children = (
				9785C3202A97C2E80029822A /* DesignSystem */,
			);
			path = Utilities;
			sourceTree = "<group>";
		};
		C6A27E792A7BA3CD003855E3 = {
			isa = PBXGroup;
			children = (
				9785C3382A98B3ED0029822A /* Gardenia-IOS-Info.plist */,
				C6A27E842A7BA3CD003855E3 /* Gardenia_IOS */,
				C6A27E832A7BA3CD003855E3 /* Products */,
			);
			sourceTree = "<group>";
		};
		C6A27E832A7BA3CD003855E3 /* Products */ = {
			isa = PBXGroup;
			children = (
				C6A27E822A7BA3CD003855E3 /* Gardenia_IOS.app */,
			);
			name = Products;
			sourceTree = "<group>";
		};
		C6A27E842A7BA3CD003855E3 /* Gardenia_IOS */ = {
			isa = PBXGroup;
			children = (
				9785C3222A98B0A30029822A /* Gardenia_IOSApp.swift */,
				979480812A960E8300E105ED /* Welcome */,
				9785C31A2A9795DE0029822A /* Registration */,
				C6A27E892A7BA3CE003855E3 /* Assets.xcassets */,
				979480992A96182100E105ED /* Utilities */,
				C6A27E8B2A7BA3CE003855E3 /* Preview Content */,
			);
			path = Gardenia_IOS;
			sourceTree = "<group>";
		};
		C6A27E8B2A7BA3CE003855E3 /* Preview Content */ = {
			isa = PBXGroup;
			children = (
				C6A27E8C2A7BA3CE003855E3 /* Preview Assets.xcassets */,
			);
			path = "Preview Content";
			sourceTree = "<group>";
		};
/* End PBXGroup section */

/* Begin PBXNativeTarget section */
		C6A27E812A7BA3CD003855E3 /* Gardenia_IOS */ = {
			isa = PBXNativeTarget;
			buildConfigurationList = C6A27E902A7BA3CE003855E3 /* Build configuration list for PBXNativeTarget "Gardenia_IOS" */;
			buildPhases = (
				C6A27E7E2A7BA3CD003855E3 /* Sources */,
				C6A27E7F2A7BA3CD003855E3 /* Frameworks */,
				C6A27E802A7BA3CD003855E3 /* Resources */,
			);
			buildRules = (
			);
			dependencies = (
			);
			name = Gardenia_IOS;
			productName = Gardenia_IOS;
			productReference = C6A27E822A7BA3CD003855E3 /* Gardenia_IOS.app */;
			productType = "com.apple.product-type.application";
		};
/* End PBXNativeTarget section */

/* Begin PBXProject section */
		C6A27E7A2A7BA3CD003855E3 /* Project object */ = {
			isa = PBXProject;
			attributes = {
				BuildIndependentTargetsInParallel = 1;
				LastSwiftUpdateCheck = 1420;
				LastUpgradeCheck = 1420;
				TargetAttributes = {
					C6A27E812A7BA3CD003855E3 = {
						CreatedOnToolsVersion = 14.2;
					};
				};
			};
			buildConfigurationList = C6A27E7D2A7BA3CD003855E3 /* Build configuration list for PBXProject "Gardenia_IOS" */;
			compatibilityVersion = "Xcode 14.0";
			developmentRegion = en;
			hasScannedForEncodings = 0;
			knownRegions = (
				en,
				Base,
			);
			mainGroup = C6A27E792A7BA3CD003855E3;
			productRefGroup = C6A27E832A7BA3CD003855E3 /* Products */;
			projectDirPath = "";
			projectRoot = "";
			targets = (
				C6A27E812A7BA3CD003855E3 /* Gardenia_IOS */,
			);
		};
/* End PBXProject section */

/* Begin PBXResourcesBuildPhase section */
		C6A27E802A7BA3CD003855E3 /* Resources */ = {
			isa = PBXResourcesBuildPhase;
			buildActionMask = 2147483647;
			files = (
				9785C3312A98B3130029822A /* Inter-Bold.ttf in Resources */,
				9785C3392A98B3ED0029822A /* Gardenia-IOS-Info.plist in Resources */,
				C6A27E8D2A7BA3CE003855E3 /* Preview Assets.xcassets in Resources */,
				C6A27E8A2A7BA3CE003855E3 /* Assets.xcassets in Resources */,
				9785C3362A98B3130029822A /* Inter-SemiBold.ttf in Resources */,
				9785C3332A98B3130029822A /* Inter-ExtraBold.ttf in Resources */,
				9785C32F2A98B3130029822A /* Inter-Light.ttf in Resources */,
				9785C3302A98B3130029822A /* Inter-Thin.ttf in Resources */,
				9785C3352A98B3130029822A /* Inter-Black.ttf in Resources */,
				9785C3342A98B3130029822A /* Inter-ExtraLight.ttf in Resources */,
				9785C3372A98B33B0029822A /* Inter-Medium.ttf in Resources */,
				9785C3322A98B3130029822A /* Inter-Regular.ttf in Resources */,
			);
			runOnlyForDeploymentPostprocessing = 0;
		};
/* End PBXResourcesBuildPhase section */

/* Begin PBXSourcesBuildPhase section */
		C6A27E7E2A7BA3CD003855E3 /* Sources */ = {
			isa = PBXSourcesBuildPhase;
			buildActionMask = 2147483647;
			files = (
				9785C31F2A97C2DB0029822A /* Fonts.swift in Sources */,
				9785C31C2A9796480029822A /* RegistrationViewModel.swift in Sources */,
				979480852A96144000E105ED /* WelcomeViewModel.swift in Sources */,
				9785C31D2A97C0880029822A /* RegistrationView.swift in Sources */,
				979480832A960E9E00E105ED /* WelcomeView.swift in Sources */,
				9785C3232A98B0A30029822A /* Gardenia_IOSApp.swift in Sources */,
				9785C3182A977E550029822A /* WelcomeRouter.swift in Sources */,
			);
			runOnlyForDeploymentPostprocessing = 0;
		};
/* End PBXSourcesBuildPhase section */

/* Begin XCBuildConfiguration section */
		C6A27E8E2A7BA3CE003855E3 /* Debug */ = {
			isa = XCBuildConfiguration;
			buildSettings = {
				ALWAYS_SEARCH_USER_PATHS = NO;
				CLANG_ANALYZER_NONNULL = YES;
				CLANG_ANALYZER_NUMBER_OBJECT_CONVERSION = YES_AGGRESSIVE;
				CLANG_CXX_LANGUAGE_STANDARD = "gnu++20";
				CLANG_ENABLE_MODULES = YES;
				CLANG_ENABLE_OBJC_ARC = YES;
				CLANG_ENABLE_OBJC_WEAK = YES;
				CLANG_WARN_BLOCK_CAPTURE_AUTORELEASING = YES;
				CLANG_WARN_BOOL_CONVERSION = YES;
				CLANG_WARN_COMMA = YES;
				CLANG_WARN_CONSTANT_CONVERSION = YES;
				CLANG_WARN_DEPRECATED_OBJC_IMPLEMENTATIONS = YES;
				CLANG_WARN_DIRECT_OBJC_ISA_USAGE = YES_ERROR;
				CLANG_WARN_DOCUMENTATION_COMMENTS = YES;
				CLANG_WARN_EMPTY_BODY = YES;
				CLANG_WARN_ENUM_CONVERSION = YES;
				CLANG_WARN_INFINITE_RECURSION = YES;
				CLANG_WARN_INT_CONVERSION = YES;
				CLANG_WARN_NON_LITERAL_NULL_CONVERSION = YES;
				CLANG_WARN_OBJC_IMPLICIT_RETAIN_SELF = YES;
				CLANG_WARN_OBJC_LITERAL_CONVERSION = YES;
				CLANG_WARN_OBJC_ROOT_CLASS = YES_ERROR;
				CLANG_WARN_QUOTED_INCLUDE_IN_FRAMEWORK_HEADER = YES;
				CLANG_WARN_RANGE_LOOP_ANALYSIS = YES;
				CLANG_WARN_STRICT_PROTOTYPES = YES;
				CLANG_WARN_SUSPICIOUS_MOVE = YES;
				CLANG_WARN_UNGUARDED_AVAILABILITY = YES_AGGRESSIVE;
				CLANG_WARN_UNREACHABLE_CODE = YES;
				CLANG_WARN__DUPLICATE_METHOD_MATCH = YES;
				COPY_PHASE_STRIP = NO;
				DEBUG_INFORMATION_FORMAT = dwarf;
				ENABLE_STRICT_OBJC_MSGSEND = YES;
				ENABLE_TESTABILITY = YES;
				GCC_C_LANGUAGE_STANDARD = gnu11;
				GCC_DYNAMIC_NO_PIC = NO;
				GCC_NO_COMMON_BLOCKS = YES;
				GCC_OPTIMIZATION_LEVEL = 0;
				GCC_PREPROCESSOR_DEFINITIONS = (
					"DEBUG=1",
					"$(inherited)",
				);
				GCC_WARN_64_TO_32_BIT_CONVERSION = YES;
				GCC_WARN_ABOUT_RETURN_TYPE = YES_ERROR;
				GCC_WARN_UNDECLARED_SELECTOR = YES;
				GCC_WARN_UNINITIALIZED_AUTOS = YES_AGGRESSIVE;
				GCC_WARN_UNUSED_FUNCTION = YES;
				GCC_WARN_UNUSED_VARIABLE = YES;
				IPHONEOS_DEPLOYMENT_TARGET = 16.2;
				MTL_ENABLE_DEBUG_INFO = INCLUDE_SOURCE;
				MTL_FAST_MATH = YES;
				ONLY_ACTIVE_ARCH = YES;
				SDKROOT = iphoneos;
				SWIFT_ACTIVE_COMPILATION_CONDITIONS = DEBUG;
				SWIFT_OPTIMIZATION_LEVEL = "-Onone";
			};
			name = Debug;
		};
		C6A27E8F2A7BA3CE003855E3 /* Release */ = {
			isa = XCBuildConfiguration;
			buildSettings = {
				ALWAYS_SEARCH_USER_PATHS = NO;
				CLANG_ANALYZER_NONNULL = YES;
				CLANG_ANALYZER_NUMBER_OBJECT_CONVERSION = YES_AGGRESSIVE;
				CLANG_CXX_LANGUAGE_STANDARD = "gnu++20";
				CLANG_ENABLE_MODULES = YES;
				CLANG_ENABLE_OBJC_ARC = YES;
				CLANG_ENABLE_OBJC_WEAK = YES;
				CLANG_WARN_BLOCK_CAPTURE_AUTORELEASING = YES;
				CLANG_WARN_BOOL_CONVERSION = YES;
				CLANG_WARN_COMMA = YES;
				CLANG_WARN_CONSTANT_CONVERSION = YES;
				CLANG_WARN_DEPRECATED_OBJC_IMPLEMENTATIONS = YES;
				CLANG_WARN_DIRECT_OBJC_ISA_USAGE = YES_ERROR;
				CLANG_WARN_DOCUMENTATION_COMMENTS = YES;
				CLANG_WARN_EMPTY_BODY = YES;
				CLANG_WARN_ENUM_CONVERSION = YES;
				CLANG_WARN_INFINITE_RECURSION = YES;
				CLANG_WARN_INT_CONVERSION = YES;
				CLANG_WARN_NON_LITERAL_NULL_CONVERSION = YES;
				CLANG_WARN_OBJC_IMPLICIT_RETAIN_SELF = YES;
				CLANG_WARN_OBJC_LITERAL_CONVERSION = YES;
				CLANG_WARN_OBJC_ROOT_CLASS = YES_ERROR;
				CLANG_WARN_QUOTED_INCLUDE_IN_FRAMEWORK_HEADER = YES;
				CLANG_WARN_RANGE_LOOP_ANALYSIS = YES;
				CLANG_WARN_STRICT_PROTOTYPES = YES;
				CLANG_WARN_SUSPICIOUS_MOVE = YES;
				CLANG_WARN_UNGUARDED_AVAILABILITY = YES_AGGRESSIVE;
				CLANG_WARN_UNREACHABLE_CODE = YES;
				CLANG_WARN__DUPLICATE_METHOD_MATCH = YES;
				COPY_PHASE_STRIP = NO;
				DEBUG_INFORMATION_FORMAT = "dwarf-with-dsym";
				ENABLE_NS_ASSERTIONS = NO;
				ENABLE_STRICT_OBJC_MSGSEND = YES;
				GCC_C_LANGUAGE_STANDARD = gnu11;
				GCC_NO_COMMON_BLOCKS = YES;
				GCC_WARN_64_TO_32_BIT_CONVERSION = YES;
				GCC_WARN_ABOUT_RETURN_TYPE = YES_ERROR;
				GCC_WARN_UNDECLARED_SELECTOR = YES;
				GCC_WARN_UNINITIALIZED_AUTOS = YES_AGGRESSIVE;
				GCC_WARN_UNUSED_FUNCTION = YES;
				GCC_WARN_UNUSED_VARIABLE = YES;
				IPHONEOS_DEPLOYMENT_TARGET = 16.2;
				MTL_ENABLE_DEBUG_INFO = NO;
				MTL_FAST_MATH = YES;
				SDKROOT = iphoneos;
				SWIFT_COMPILATION_MODE = wholemodule;
				SWIFT_OPTIMIZATION_LEVEL = "-O";
				VALIDATE_PRODUCT = YES;
			};
			name = Release;
		};
		C6A27E912A7BA3CE003855E3 /* Debug */ = {
			isa = XCBuildConfiguration;
			buildSettings = {
				ASSETCATALOG_COMPILER_APPICON_NAME = AppIcon;
				ASSETCATALOG_COMPILER_GLOBAL_ACCENT_COLOR_NAME = AccentColor;
				CODE_SIGN_STYLE = Automatic;
				CURRENT_PROJECT_VERSION = 1;
				DEVELOPMENT_ASSET_PATHS = "\"Gardenia_IOS/Preview Content\"";
				DEVELOPMENT_TEAM = W8F9Y7MUHM;
				ENABLE_PREVIEWS = YES;
				GENERATE_INFOPLIST_FILE = YES;
				INFOPLIST_FILE = "Gardenia-IOS-Info.plist";
				INFOPLIST_KEY_UIApplicationSceneManifest_Generation = YES;
				INFOPLIST_KEY_UIApplicationSupportsIndirectInputEvents = YES;
				INFOPLIST_KEY_UILaunchScreen_Generation = YES;
				INFOPLIST_KEY_UISupportedInterfaceOrientations_iPad = "UIInterfaceOrientationPortrait UIInterfaceOrientationPortraitUpsideDown UIInterfaceOrientationLandscapeLeft UIInterfaceOrientationLandscapeRight";
				INFOPLIST_KEY_UISupportedInterfaceOrientations_iPhone = "UIInterfaceOrientationPortrait UIInterfaceOrientationLandscapeLeft UIInterfaceOrientationLandscapeRight";
				LD_RUNPATH_SEARCH_PATHS = (
					"$(inherited)",
					"@executable_path/Frameworks",
				);
				MARKETING_VERSION = 1.0;
				PRODUCT_BUNDLE_IDENTIFIER = "yakuza.Gardenia-IOS";
				PRODUCT_NAME = "$(TARGET_NAME)";
				SWIFT_EMIT_LOC_STRINGS = YES;
				SWIFT_VERSION = 5.0;
				TARGETED_DEVICE_FAMILY = "1,2";
			};
			name = Debug;
		};
		C6A27E922A7BA3CE003855E3 /* Release */ = {
			isa = XCBuildConfiguration;
			buildSettings = {
				ASSETCATALOG_COMPILER_APPICON_NAME = AppIcon;
				ASSETCATALOG_COMPILER_GLOBAL_ACCENT_COLOR_NAME = AccentColor;
				CODE_SIGN_STYLE = Automatic;
				CURRENT_PROJECT_VERSION = 1;
				DEVELOPMENT_ASSET_PATHS = "\"Gardenia_IOS/Preview Content\"";
				DEVELOPMENT_TEAM = W8F9Y7MUHM;
				ENABLE_PREVIEWS = YES;
				GENERATE_INFOPLIST_FILE = YES;
				INFOPLIST_FILE = "Gardenia-IOS-Info.plist";
				INFOPLIST_KEY_UIApplicationSceneManifest_Generation = YES;
				INFOPLIST_KEY_UIApplicationSupportsIndirectInputEvents = YES;
				INFOPLIST_KEY_UILaunchScreen_Generation = YES;
				INFOPLIST_KEY_UISupportedInterfaceOrientations_iPad = "UIInterfaceOrientationPortrait UIInterfaceOrientationPortraitUpsideDown UIInterfaceOrientationLandscapeLeft UIInterfaceOrientationLandscapeRight";
				INFOPLIST_KEY_UISupportedInterfaceOrientations_iPhone = "UIInterfaceOrientationPortrait UIInterfaceOrientationLandscapeLeft UIInterfaceOrientationLandscapeRight";
				LD_RUNPATH_SEARCH_PATHS = (
					"$(inherited)",
					"@executable_path/Frameworks",
				);
				MARKETING_VERSION = 1.0;
				PRODUCT_BUNDLE_IDENTIFIER = "yakuza.Gardenia-IOS";
				PRODUCT_NAME = "$(TARGET_NAME)";
				SWIFT_EMIT_LOC_STRINGS = YES;
				SWIFT_VERSION = 5.0;
				TARGETED_DEVICE_FAMILY = "1,2";
			};
			name = Release;
		};
/* End XCBuildConfiguration section */

/* Begin XCConfigurationList section */
		C6A27E7D2A7BA3CD003855E3 /* Build configuration list for PBXProject "Gardenia_IOS" */ = {
			isa = XCConfigurationList;
			buildConfigurations = (
				C6A27E8E2A7BA3CE003855E3 /* Debug */,
				C6A27E8F2A7BA3CE003855E3 /* Release */,
			);
			defaultConfigurationIsVisible = 0;
			defaultConfigurationName = Release;
		};
		C6A27E902A7BA3CE003855E3 /* Build configuration list for PBXNativeTarget "Gardenia_IOS" */ = {
			isa = XCConfigurationList;
			buildConfigurations = (
				C6A27E912A7BA3CE003855E3 /* Debug */,
				C6A27E922A7BA3CE003855E3 /* Release */,
			);
			defaultConfigurationIsVisible = 0;
			defaultConfigurationName = Release;
		};
/* End XCConfigurationList section */
	};
	rootObject = C6A27E7A2A7BA3CD003855E3 /* Project object */;
}
